
Microsoft Visual Studio Solution File, Format Version 12.00
# Visual Studio Version 16
VisualStudioVersion = 16.0.35425.106
MinimumVisualStudioVersion = 10.0.40219.1
Project("{FAE04EC0-301F-11D3-BF4B-00C04F79EFBC}") = "KursovProekt", "KursovProekt\KursovProekt.csproj", "{438F3C17-DD9E-450F-A70F-E8BAAEBE3589}"
EndProject
Global
	GlobalSection(SolutionConfigurationPlatforms) = preSolution
		Debug|Any CPU = Debug|Any CPU
		Release|Any CPU = Release|Any CPU
	EndGlobalSection
	GlobalSection(ProjectConfigurationPlatforms) = postSolution
		{438F3C17-DD9E-450F-A70F-E8BAAEBE3589}.Debug|Any CPU.ActiveCfg = Debug|Any CPU
		{438F3C17-DD9E-450F-A70F-E8BAAEBE3589}.Debug|Any CPU.Build.0 = Debug|Any CPU
		{438F3C17-DD9E-450F-A70F-E8BAAEBE3589}.Release|Any CPU.ActiveCfg = Release|Any CPU
		{438F3C17-DD9E-450F-A70F-E8BAAEBE3589}.Release|Any CPU.Build.0 = Release|Any CPU
	EndGlobalSection
	GlobalSection(SolutionProperties) = preSolution
		HideSolutionNode = FALSE
	EndGlobalSection
	GlobalSection(ExtensibilityGlobals) = postSolution
		SolutionGuid = {FF0E7165-4EEC-4F61-8EB0-3835A19EE04D}
	EndGlobalSection
EndGlobal
